
Microsoft Visual Studio Solution File, Format Version 12.00
# Visual Studio 14
VisualStudioVersion = 14.0.23107.0
MinimumVisualStudioVersion = 10.0.40219.1
Project("{FAE04EC0-301F-11D3-BF4B-00C04F79EFBC}") = "Web_Browser", "Web_Browser\Web_Browser.csproj", "{7612E05A-90F3-4CC4-B498-E6A1FFA61326}"
EndProject
Project("{6141683F-8A12-4E36-9623-2EB02B2C2303}") = "Setup1", "Setup1\Setup1.isproj", "{CA5F3160-9D4E-40D4-B699-4C0A7F6B4FED}"
	ProjectSection(ProjectDependencies) = postProject
		{7612E05A-90F3-4CC4-B498-E6A1FFA61326} = {7612E05A-90F3-4CC4-B498-E6A1FFA61326}
	EndProjectSection
EndProject
Global
	GlobalSection(SolutionConfigurationPlatforms) = preSolution
		CD_ROM|Any CPU = CD_ROM|Any CPU
		Debug|Any CPU = Debug|Any CPU
		DVD-5|Any CPU = DVD-5|Any CPU
		Release|Any CPU = Release|Any CPU
		SingleImage|Any CPU = SingleImage|Any CPU
	EndGlobalSection
	GlobalSection(ProjectConfigurationPlatforms) = postSolution
		{7612E05A-90F3-4CC4-B498-E6A1FFA61326}.CD_ROM|Any CPU.ActiveCfg = Release|Any CPU
		{7612E05A-90F3-4CC4-B498-E6A1FFA61326}.CD_ROM|Any CPU.Build.0 = Release|Any CPU
		{7612E05A-90F3-4CC4-B498-E6A1FFA61326}.Debug|Any CPU.ActiveCfg = Debug|Any CPU
		{7612E05A-90F3-4CC4-B498-E6A1FFA61326}.Debug|Any CPU.Build.0 = Debug|Any CPU
		{7612E05A-90F3-4CC4-B498-E6A1FFA61326}.DVD-5|Any CPU.ActiveCfg = Debug|Any CPU
		{7612E05A-90F3-4CC4-B498-E6A1FFA61326}.DVD-5|Any CPU.Build.0 = Debug|Any CPU
		{7612E05A-90F3-4CC4-B498-E6A1FFA61326}.Release|Any CPU.ActiveCfg = Release|Any CPU
		{7612E05A-90F3-4CC4-B498-E6A1FFA61326}.Release|Any CPU.Build.0 = Release|Any CPU
		{7612E05A-90F3-4CC4-B498-E6A1FFA61326}.SingleImage|Any CPU.ActiveCfg = Release|Any CPU
		{7612E05A-90F3-4CC4-B498-E6A1FFA61326}.SingleImage|Any CPU.Build.0 = Release|Any CPU
		{CA5F3160-9D4E-40D4-B699-4C0A7F6B4FED}.CD_ROM|Any CPU.ActiveCfg = CD_ROM
		{CA5F3160-9D4E-40D4-B699-4C0A7F6B4FED}.CD_ROM|Any CPU.Build.0 = CD_ROM
		{CA5F3160-9D4E-40D4-B699-4C0A7F6B4FED}.Debug|Any CPU.ActiveCfg = DVD-5
		{CA5F3160-9D4E-40D4-B699-4C0A7F6B4FED}.Debug|Any CPU.Build.0 = DVD-5
		{CA5F3160-9D4E-40D4-B699-4C0A7F6B4FED}.DVD-5|Any CPU.ActiveCfg = DVD-5
		{CA5F3160-9D4E-40D4-B699-4C0A7F6B4FED}.DVD-5|Any CPU.Build.0 = DVD-5
		{CA5F3160-9D4E-40D4-B699-4C0A7F6B4FED}.Release|Any CPU.ActiveCfg = SingleImage
		{CA5F3160-9D4E-40D4-B699-4C0A7F6B4FED}.Release|Any CPU.Build.0 = SingleImage
		{CA5F3160-9D4E-40D4-B699-4C0A7F6B4FED}.SingleImage|Any CPU.ActiveCfg = SingleImage
		{CA5F3160-9D4E-40D4-B699-4C0A7F6B4FED}.SingleImage|Any CPU.Build.0 = SingleImage
	EndGlobalSection
	GlobalSection(SolutionProperties) = preSolution
		HideSolutionNode = FALSE
	EndGlobalSection
EndGlobal
